
Microsoft Visual Studio Solution File, Format Version 12.00
# Visual Studio Version 16
VisualStudioVersion = 16.0.29418.71
MinimumVisualStudioVersion = 10.0.40219.1
Project("{FAE04EC0-301F-11D3-BF4B-00C04F79EFBC}") = "MidTerm_3", "MidTerm_3\MidTerm_3.csproj", "{72D29B5A-64CF-411F-8277-C9722D35AB11}"
EndProject
Global
	GlobalSection(SolutionConfigurationPlatforms) = preSolution
		Debug|Any CPU = Debug|Any CPU
		Release|Any CPU = Release|Any CPU
	EndGlobalSection
	GlobalSection(ProjectConfigurationPlatforms) = postSolution
		{72D29B5A-64CF-411F-8277-C9722D35AB11}.Debug|Any CPU.ActiveCfg = Debug|Any CPU
		{72D29B5A-64CF-411F-8277-C9722D35AB11}.Debug|Any CPU.Build.0 = Debug|Any CPU
		{72D29B5A-64CF-411F-8277-C9722D35AB11}.Release|Any CPU.ActiveCfg = Release|Any CPU
		{72D29B5A-64CF-411F-8277-C9722D35AB11}.Release|Any CPU.Build.0 = Release|Any CPU
	EndGlobalSection
	GlobalSection(SolutionProperties) = preSolution
		HideSolutionNode = FALSE
	EndGlobalSection
	GlobalSection(ExtensibilityGlobals) = postSolution
		SolutionGuid = {EA06C2D2-AA8F-4DF1-9FD1-9CE5126430B4}
	EndGlobalSection
EndGlobal
