
Microsoft Visual Studio Solution File, Format Version 12.00
# Visual Studio Version 16
VisualStudioVersion = 16.0.29418.71
MinimumVisualStudioVersion = 10.0.40219.1
Project("{9A19103F-16F7-4668-BE54-9A1E7A4F7556}") = "Lecture5", "Lecture5.csproj", "{45CE88F2-75FA-4BEB-B233-4F8162FD8606}"
EndProject
Global
	GlobalSection(SolutionConfigurationPlatforms) = preSolution
		Debug|Any CPU = Debug|Any CPU
		Release|Any CPU = Release|Any CPU
	EndGlobalSection
	GlobalSection(ProjectConfigurationPlatforms) = postSolution
		{45CE88F2-75FA-4BEB-B233-4F8162FD8606}.Debug|Any CPU.ActiveCfg = Debug|Any CPU
		{45CE88F2-75FA-4BEB-B233-4F8162FD8606}.Debug|Any CPU.Build.0 = Debug|Any CPU
		{45CE88F2-75FA-4BEB-B233-4F8162FD8606}.Release|Any CPU.ActiveCfg = Release|Any CPU
		{45CE88F2-75FA-4BEB-B233-4F8162FD8606}.Release|Any CPU.Build.0 = Release|Any CPU
	EndGlobalSection
	GlobalSection(SolutionProperties) = preSolution
		HideSolutionNode = FALSE
	EndGlobalSection
	GlobalSection(ExtensibilityGlobals) = postSolution
		SolutionGuid = {4EC9ABCE-521B-403C-B3A6-95D27AAB30F0}
	EndGlobalSection
EndGlobal
